// !$*UTF8*$!
{
	archiveVersion = 1;
	classes = {
	};
	objectVersion = 50;
	objects = {

/* Begin PBXBuildFile section */
		E7F3A83925F7278E00F8960D /* AppDelegate.swift in Sources */ = {isa = PBXBuildFile; fileRef = E7F3A83825F7278E00F8960D /* AppDelegate.swift */; };
		E7F3A83B25F7278E00F8960D /* SceneDelegate.swift in Sources */ = {isa = PBXBuildFile; fileRef = E7F3A83A25F7278E00F8960D /* SceneDelegate.swift */; };
		E7F3A83D25F7278E00F8960D /* ViewController.swift in Sources */ = {isa = PBXBuildFile; fileRef = E7F3A83C25F7278E00F8960D /* ViewController.swift */; };
		E7F3A84025F7278E00F8960D /* Main.storyboard in Resources */ = {isa = PBXBuildFile; fileRef = E7F3A83E25F7278E00F8960D /* Main.storyboard */; };
		E7F3A84225F7278F00F8960D /* Assets.xcassets in Resources */ = {isa = PBXBuildFile; fileRef = E7F3A84125F7278F00F8960D /* Assets.xcassets */; };
		E7F3A84525F7278F00F8960D /* LaunchScreen.storyboard in Resources */ = {isa = PBXBuildFile; fileRef = E7F3A84325F7278F00F8960D /* LaunchScreen.storyboard */; };
		E7F3A85025F7278F00F8960D /* LoginTests.swift in Sources */ = {isa = PBXBuildFile; fileRef = E7F3A84F25F7278F00F8960D /* LoginTests.swift */; };
		E7F3A85B25F7278F00F8960D /* LoginUITests.swift in Sources */ = {isa = PBXBuildFile; fileRef = E7F3A85A25F7278F00F8960D /* LoginUITests.swift */; };
/* End PBXBuildFile section */

/* Begin PBXContainerItemProxy section */
		E7F3A84C25F7278F00F8960D /* PBXContainerItemProxy */ = {
			isa = PBXContainerItemProxy;
			containerPortal = E7F3A82D25F7278E00F8960D /* Project object */;
			proxyType = 1;
			remoteGlobalIDString = E7F3A83425F7278E00F8960D;
			remoteInfo = Login;
		};
		E7F3A85725F7278F00F8960D /* PBXContainerItemProxy */ = {
			isa = PBXContainerItemProxy;
			containerPortal = E7F3A82D25F7278E00F8960D /* Project object */;
			proxyType = 1;
			remoteGlobalIDString = E7F3A83425F7278E00F8960D;
			remoteInfo = Login;
		};
/* End PBXContainerItemProxy section */

/* Begin PBXFileReference section */
		E7F3A83525F7278E00F8960D /* Login.app */ = {isa = PBXFileReference; explicitFileType = wrapper.application; includeInIndex = 0; path = Login.app; sourceTree = BUILT_PRODUCTS_DIR; };
		E7F3A83825F7278E00F8960D /* AppDelegate.swift */ = {isa = PBXFileReference; lastKnownFileType = sourcecode.swift; path = AppDelegate.swift; sourceTree = "<group>"; };
		E7F3A83A25F7278E00F8960D /* SceneDelegate.swift */ = {isa = PBXFileReference; lastKnownFileType = sourcecode.swift; path = SceneDelegate.swift; sourceTree = "<group>"; };
		E7F3A83C25F7278E00F8960D /* ViewController.swift */ = {isa = PBXFileReference; lastKnownFileType = sourcecode.swift; path = ViewController.swift; sourceTree = "<group>"; };
		E7F3A83F25F7278E00F8960D /* Base */ = {isa = PBXFileReference; lastKnownFileType = file.storyboard; name = Base; path = Base.lproj/Main.storyboard; sourceTree = "<group>"; };
		E7F3A84125F7278F00F8960D /* Assets.xcassets */ = {isa = PBXFileReference; lastKnownFileType = folder.assetcatalog; path = Assets.xcassets; sourceTree = "<group>"; };
		E7F3A84425F7278F00F8960D /* Base */ = {isa = PBXFileReference; lastKnownFileType = file.storyboard; name = Base; path = Base.lproj/LaunchScreen.storyboard; sourceTree = "<group>"; };
		E7F3A84625F7278F00F8960D /* Info.plist */ = {isa = PBXFileReference; lastKnownFileType = text.plist.xml; path = Info.plist; sourceTree = "<group>"; };
		E7F3A84B25F7278F00F8960D /* LoginTests.xctest */ = {isa = PBXFileReference; explicitFileType = wrapper.cfbundle; includeInIndex = 0; path = LoginTests.xctest; sourceTree = BUILT_PRODUCTS_DIR; };
		E7F3A84F25F7278F00F8960D /* LoginTests.swift */ = {isa = PBXFileReference; lastKnownFileType = sourcecode.swift; path = LoginTests.swift; sourceTree = "<group>"; };
		E7F3A85125F7278F00F8960D /* Info.plist */ = {isa = PBXFileReference; lastKnownFileType = text.plist.xml; path = Info.plist; sourceTree = "<group>"; };
		E7F3A85625F7278F00F8960D /* LoginUITests.xctest */ = {isa = PBXFileReference; explicitFileType = wrapper.cfbundle; includeInIndex = 0; path = LoginUITests.xctest; sourceTree = BUILT_PRODUCTS_DIR; };
		E7F3A85A25F7278F00F8960D /* LoginUITests.swift */ = {isa = PBXFileReference; lastKnownFileType = sourcecode.swift; path = LoginUITests.swift; sourceTree = "<group>"; };
		E7F3A85C25F7278F00F8960D /* Info.plist */ = {isa = PBXFileReference; lastKnownFileType = text.plist.xml; path = Info.plist; sourceTree = "<group>"; };
/* End PBXFileReference section */

/* Begin PBXFrameworksBuildPhase section */
		E7F3A83225F7278E00F8960D /* Frameworks */ = {
			isa = PBXFrameworksBuildPhase;
			buildActionMask = 2147483647;
			files = (
			);
			runOnlyForDeploymentPostprocessing = 0;
		};
		E7F3A84825F7278F00F8960D /* Frameworks */ = {
			isa = PBXFrameworksBuildPhase;
			buildActionMask = 2147483647;
			files = (
			);
			runOnlyForDeploymentPostprocessing = 0;
		};
		E7F3A85325F7278F00F8960D /* Frameworks */ = {
			isa = PBXFrameworksBuildPhase;
			buildActionMask = 2147483647;
			files = (
			);
			runOnlyForDeploymentPostprocessing = 0;
		};
/* End PBXFrameworksBuildPhase section */

/* Begin PBXGroup section */
		E7F3A82C25F7278E00F8960D = {
			isa = PBXGroup;
			children = (
				E7F3A83725F7278E00F8960D /* Login */,
				E7F3A84E25F7278F00F8960D /* LoginTests */,
				E7F3A85925F7278F00F8960D /* LoginUITests */,
				E7F3A83625F7278E00F8960D /* Products */,
			);
			sourceTree = "<group>";
		};
		E7F3A83625F7278E00F8960D /* Products */ = {
			isa = PBXGroup;
			children = (
				E7F3A83525F7278E00F8960D /* Login.app */,
				E7F3A84B25F7278F00F8960D /* LoginTests.xctest */,
				E7F3A85625F7278F00F8960D /* LoginUITests.xctest */,
			);
			name = Products;
			sourceTree = "<group>";
		};
		E7F3A83725F7278E00F8960D /* Login */ = {
			isa = PBXGroup;
			children = (
				E7F3A83825F7278E00F8960D /* AppDelegate.swift */,
				E7F3A83A25F7278E00F8960D /* SceneDelegate.swift */,
				E7F3A83C25F7278E00F8960D /* ViewController.swift */,
				E7F3A83E25F7278E00F8960D /* Main.storyboard */,
				E7F3A84125F7278F00F8960D /* Assets.xcassets */,
				E7F3A84325F7278F00F8960D /* LaunchScreen.storyboard */,
				E7F3A84625F7278F00F8960D /* Info.plist */,
			);
			path = Login;
			sourceTree = "<group>";
		};
		E7F3A84E25F7278F00F8960D /* LoginTests */ = {
			isa = PBXGroup;
			children = (
				E7F3A84F25F7278F00F8960D /* LoginTests.swift */,
				E7F3A85125F7278F00F8960D /* Info.plist */,
			);
			path = LoginTests;
			sourceTree = "<group>";
		};
		E7F3A85925F7278F00F8960D /* LoginUITests */ = {
			isa = PBXGroup;
			children = (
				E7F3A85A25F7278F00F8960D /* LoginUITests.swift */,
				E7F3A85C25F7278F00F8960D /* Info.plist */,
			);
			path = LoginUITests;
			sourceTree = "<group>";
		};
/* End PBXGroup section */

/* Begin PBXNativeTarget section */
		E7F3A83425F7278E00F8960D /* Login */ = {
			isa = PBXNativeTarget;
			buildConfigurationList = E7F3A85F25F7278F00F8960D /* Build configuration list for PBXNativeTarget "Login" */;
			buildPhases = (
				E7F3A83125F7278E00F8960D /* Sources */,
				E7F3A83225F7278E00F8960D /* Frameworks */,
				E7F3A83325F7278E00F8960D /* Resources */,
			);
			buildRules = (
			);
			dependencies = (
			);
			name = Login;
			productName = Login;
			productReference = E7F3A83525F7278E00F8960D /* Login.app */;
			productType = "com.apple.product-type.application";
		};
		E7F3A84A25F7278F00F8960D /* LoginTests */ = {
			isa = PBXNativeTarget;
			buildConfigurationList = E7F3A86225F7278F00F8960D /* Build configuration list for PBXNativeTarget "LoginTests" */;
			buildPhases = (
				E7F3A84725F7278F00F8960D /* Sources */,
				E7F3A84825F7278F00F8960D /* Frameworks */,
				E7F3A84925F7278F00F8960D /* Resources */,
			);
			buildRules = (
			);
			dependencies = (
				E7F3A84D25F7278F00F8960D /* PBXTargetDependency */,
			);
			name = LoginTests;
			productName = LoginTests;
			productReference = E7F3A84B25F7278F00F8960D /* LoginTests.xctest */;
			productType = "com.apple.product-type.bundle.unit-test";
		};
		E7F3A85525F7278F00F8960D /* LoginUITests */ = {
			isa = PBXNativeTarget;
			buildConfigurationList = E7F3A86525F7278F00F8960D /* Build configuration list for PBXNativeTarget "LoginUITests" */;
			buildPhases = (
				E7F3A85225F7278F00F8960D /* Sources */,
				E7F3A85325F7278F00F8960D /* Frameworks */,
				E7F3A85425F7278F00F8960D /* Resources */,
			);
			buildRules = (
			);
			dependencies = (
				E7F3A85825F7278F00F8960D /* PBXTargetDependency */,
			);
			name = LoginUITests;
			productName = LoginUITests;
			productReference = E7F3A85625F7278F00F8960D /* LoginUITests.xctest */;
			productType = "com.apple.product-type.bundle.ui-testing";
		};
/* End PBXNativeTarget section */

/* Begin PBXProject section */
		E7F3A82D25F7278E00F8960D /* Project object */ = {
			isa = PBXProject;
			attributes = {
				LastSwiftUpdateCheck = 1240;
				LastUpgradeCheck = 1240;
				TargetAttributes = {
					E7F3A83425F7278E00F8960D = {
						CreatedOnToolsVersion = 12.4;
					};
					E7F3A84A25F7278F00F8960D = {
						CreatedOnToolsVersion = 12.4;
						TestTargetID = E7F3A83425F7278E00F8960D;
					};
					E7F3A85525F7278F00F8960D = {
						CreatedOnToolsVersion = 12.4;
						TestTargetID = E7F3A83425F7278E00F8960D;
					};
				};
			};
			buildConfigurationList = E7F3A83025F7278E00F8960D /* Build configuration list for PBXProject "Login" */;
			compatibilityVersion = "Xcode 9.3";
			developmentRegion = en;
			hasScannedForEncodings = 0;
			knownRegions = (
				en,
				Base,
			);
			mainGroup = E7F3A82C25F7278E00F8960D;
			productRefGroup = E7F3A83625F7278E00F8960D /* Products */;
			projectDirPath = "";
			projectRoot = "";
			targets = (
				E7F3A83425F7278E00F8960D /* Login */,
				E7F3A84A25F7278F00F8960D /* LoginTests */,
				E7F3A85525F7278F00F8960D /* LoginUITests */,
			);
		};
/* End PBXProject section */

/* Begin PBXResourcesBuildPhase section */
		E7F3A83325F7278E00F8960D /* Resources */ = {
			isa = PBXResourcesBuildPhase;
			buildActionMask = 2147483647;
			files = (
				E7F3A84525F7278F00F8960D /* LaunchScreen.storyboard in Resources */,
				E7F3A84225F7278F00F8960D /* Assets.xcassets in Resources */,
				E7F3A84025F7278E00F8960D /* Main.storyboard in Resources */,
			);
			runOnlyForDeploymentPostprocessing = 0;
		};
		E7F3A84925F7278F00F8960D /* Resources */ = {
			isa = PBXResourcesBuildPhase;
			buildActionMask = 2147483647;
			files = (
			);
			runOnlyForDeploymentPostprocessing = 0;
		};
		E7F3A85425F7278F00F8960D /* Resources */ = {
			isa = PBXResourcesBuildPhase;
			buildActionMask = 2147483647;
			files = (
			);
			runOnlyForDeploymentPostprocessing = 0;
		};
/* End PBXResourcesBuildPhase section */

/* Begin PBXSourcesBuildPhase section */
		E7F3A83125F7278E00F8960D /* Sources */ = {
			isa = PBXSourcesBuildPhase;
			buildActionMask = 2147483647;
			files = (
				E7F3A83D25F7278E00F8960D /* ViewController.swift in Sources */,
				E7F3A83925F7278E00F8960D /* AppDelegate.swift in Sources */,
				E7F3A83B25F7278E00F8960D /* SceneDelegate.swift in Sources */,
			);
			runOnlyForDeploymentPostprocessing = 0;
		};
		E7F3A84725F7278F00F8960D /* Sources */ = {
			isa = PBXSourcesBuildPhase;
			buildActionMask = 2147483647;
			files = (
				E7F3A85025F7278F00F8960D /* LoginTests.swift in Sources */,
			);
			runOnlyForDeploymentPostprocessing = 0;
		};
		E7F3A85225F7278F00F8960D /* Sources */ = {
			isa = PBXSourcesBuildPhase;
			buildActionMask = 2147483647;
			files = (
				E7F3A85B25F7278F00F8960D /* LoginUITests.swift in Sources */,
			);
			runOnlyForDeploymentPostprocessing = 0;
		};
/* End PBXSourcesBuildPhase section */

/* Begin PBXTargetDependency section */
		E7F3A84D25F7278F00F8960D /* PBXTargetDependency */ = {
			isa = PBXTargetDependency;
			target = E7F3A83425F7278E00F8960D /* Login */;
			targetProxy = E7F3A84C25F7278F00F8960D /* PBXContainerItemProxy */;
		};
		E7F3A85825F7278F00F8960D /* PBXTargetDependency */ = {
			isa = PBXTargetDependency;
			target = E7F3A83425F7278E00F8960D /* Login */;
			targetProxy = E7F3A85725F7278F00F8960D /* PBXContainerItemProxy */;
		};
/* End PBXTargetDependency section */

/* Begin PBXVariantGroup section */
		E7F3A83E25F7278E00F8960D /* Main.storyboard */ = {
			isa = PBXVariantGroup;
			children = (
				E7F3A83F25F7278E00F8960D /* Base */,
			);
			name = Main.storyboard;
			sourceTree = "<group>";
		};
		E7F3A84325F7278F00F8960D /* LaunchScreen.storyboard */ = {
			isa = PBXVariantGroup;
			children = (
				E7F3A84425F7278F00F8960D /* Base */,
			);
			name = LaunchScreen.storyboard;
			sourceTree = "<group>";
		};
/* End PBXVariantGroup section */

/* Begin XCBuildConfiguration section */
		E7F3A85D25F7278F00F8960D /* Debug */ = {
			isa = XCBuildConfiguration;
			buildSettings = {
				ALWAYS_SEARCH_USER_PATHS = NO;
				CLANG_ANALYZER_NONNULL = YES;
				CLANG_ANALYZER_NUMBER_OBJECT_CONVERSION = YES_AGGRESSIVE;
				CLANG_CXX_LANGUAGE_STANDARD = "gnu++14";
				CLANG_CXX_LIBRARY = "libc++";
				CLANG_ENABLE_MODULES = YES;
				CLANG_ENABLE_OBJC_ARC = YES;
				CLANG_ENABLE_OBJC_WEAK = YES;
				CLANG_WARN_BLOCK_CAPTURE_AUTORELEASING = YES;
				CLANG_WARN_BOOL_CONVERSION = YES;
				CLANG_WARN_COMMA = YES;
				CLANG_WARN_CONSTANT_CONVERSION = YES;
				CLANG_WARN_DEPRECATED_OBJC_IMPLEMENTATIONS = YES;
				CLANG_WARN_DIRECT_OBJC_ISA_USAGE = YES_ERROR;
				CLANG_WARN_DOCUMENTATION_COMMENTS = YES;
				CLANG_WARN_EMPTY_BODY = YES;
				CLANG_WARN_ENUM_CONVERSION = YES;
				CLANG_WARN_INFINITE_RECURSION = YES;
				CLANG_WARN_INT_CONVERSION = YES;
				CLANG_WARN_NON_LITERAL_NULL_CONVERSION = YES;
				CLANG_WARN_OBJC_IMPLICIT_RETAIN_SELF = YES;
				CLANG_WARN_OBJC_LITERAL_CONVERSION = YES;
				CLANG_WARN_OBJC_ROOT_CLASS = YES_ERROR;
				CLANG_WARN_QUOTED_INCLUDE_IN_FRAMEWORK_HEADER = YES;
				CLANG_WARN_RANGE_LOOP_ANALYSIS = YES;
				CLANG_WARN_STRICT_PROTOTYPES = YES;
				CLANG_WARN_SUSPICIOUS_MOVE = YES;
				CLANG_WARN_UNGUARDED_AVAILABILITY = YES_AGGRESSIVE;
				CLANG_WARN_UNREACHABLE_CODE = YES;
				CLANG_WARN__DUPLICATE_METHOD_MATCH = YES;
				COPY_PHASE_STRIP = NO;
				DEBUG_INFORMATION_FORMAT = dwarf;
				ENABLE_STRICT_OBJC_MSGSEND = YES;
				ENABLE_TESTABILITY = YES;
				GCC_C_LANGUAGE_STANDARD = gnu11;
				GCC_DYNAMIC_NO_PIC = NO;
				GCC_NO_COMMON_BLOCKS = YES;
				GCC_OPTIMIZATION_LEVEL = 0;
				GCC_PREPROCESSOR_DEFINITIONS = (
					"DEBUG=1",
					"$(inherited)",
				);
				GCC_WARN_64_TO_32_BIT_CONVERSION = YES;
				GCC_WARN_ABOUT_RETURN_TYPE = YES_ERROR;
				GCC_WARN_UNDECLARED_SELECTOR = YES;
				GCC_WARN_UNINITIALIZED_AUTOS = YES_AGGRESSIVE;
				GCC_WARN_UNUSED_FUNCTION = YES;
				GCC_WARN_UNUSED_VARIABLE = YES;
				IPHONEOS_DEPLOYMENT_TARGET = 14.4;
				MTL_ENABLE_DEBUG_INFO = INCLUDE_SOURCE;
				MTL_FAST_MATH = YES;
				ONLY_ACTIVE_ARCH = YES;
				SDKROOT = iphoneos;
				SWIFT_ACTIVE_COMPILATION_CONDITIONS = DEBUG;
				SWIFT_OPTIMIZATION_LEVEL = "-Onone";
			};
			name = Debug;
		};
		E7F3A85E25F7278F00F8960D /* Release */ = {
			isa = XCBuildConfiguration;
			buildSettings = {
				ALWAYS_SEARCH_USER_PATHS = NO;
				CLANG_ANALYZER_NONNULL = YES;
				CLANG_ANALYZER_NUMBER_OBJECT_CONVERSION = YES_AGGRESSIVE;
				CLANG_CXX_LANGUAGE_STANDARD = "gnu++14";
				CLANG_CXX_LIBRARY = "libc++";
				CLANG_ENABLE_MODULES = YES;
				CLANG_ENABLE_OBJC_ARC = YES;
				CLANG_ENABLE_OBJC_WEAK = YES;
				CLANG_WARN_BLOCK_CAPTURE_AUTORELEASING = YES;
				CLANG_WARN_BOOL_CONVERSION = YES;
				CLANG_WARN_COMMA = YES;
				CLANG_WARN_CONSTANT_CONVERSION = YES;
				CLANG_WARN_DEPRECATED_OBJC_IMPLEMENTATIONS = YES;
				CLANG_WARN_DIRECT_OBJC_ISA_USAGE = YES_ERROR;
				CLANG_WARN_DOCUMENTATION_COMMENTS = YES;
				CLANG_WARN_EMPTY_BODY = YES;
				CLANG_WARN_ENUM_CONVERSION = YES;
				CLANG_WARN_INFINITE_RECURSION = YES;
				CLANG_WARN_INT_CONVERSION = YES;
				CLANG_WARN_NON_LITERAL_NULL_CONVERSION = YES;
				CLANG_WARN_OBJC_IMPLICIT_RETAIN_SELF = YES;
				CLANG_WARN_OBJC_LITERAL_CONVERSION = YES;
				CLANG_WARN_OBJC_ROOT_CLASS = YES_ERROR;
				CLANG_WARN_QUOTED_INCLUDE_IN_FRAMEWORK_HEADER = YES;
				CLANG_WARN_RANGE_LOOP_ANALYSIS = YES;
				CLANG_WARN_STRICT_PROTOTYPES = YES;
				CLANG_WARN_SUSPICIOUS_MOVE = YES;
				CLANG_WARN_UNGUARDED_AVAILABILITY = YES_AGGRESSIVE;
				CLANG_WARN_UNREACHABLE_CODE = YES;
				CLANG_WARN__DUPLICATE_METHOD_MATCH = YES;
				COPY_PHASE_STRIP = NO;
				DEBUG_INFORMATION_FORMAT = "dwarf-with-dsym";
				ENABLE_NS_ASSERTIONS = NO;
				ENABLE_STRICT_OBJC_MSGSEND = YES;
				GCC_C_LANGUAGE_STANDARD = gnu11;
				GCC_NO_COMMON_BLOCKS = YES;
				GCC_WARN_64_TO_32_BIT_CONVERSION = YES;
				GCC_WARN_ABOUT_RETURN_TYPE = YES_ERROR;
				GCC_WARN_UNDECLARED_SELECTOR = YES;
				GCC_WARN_UNINITIALIZED_AUTOS = YES_AGGRESSIVE;
				GCC_WARN_UNUSED_FUNCTION = YES;
				GCC_WARN_UNUSED_VARIABLE = YES;
				IPHONEOS_DEPLOYMENT_TARGET = 14.4;
				MTL_ENABLE_DEBUG_INFO = NO;
				MTL_FAST_MATH = YES;
				SDKROOT = iphoneos;
				SWIFT_COMPILATION_MODE = wholemodule;
				SWIFT_OPTIMIZATION_LEVEL = "-O";
				VALIDATE_PRODUCT = YES;
			};
			name = Release;
		};
		E7F3A86025F7278F00F8960D /* Debug */ = {
			isa = XCBuildConfiguration;
			buildSettings = {
				ASSETCATALOG_COMPILER_APPICON_NAME = AppIcon;
				ASSETCATALOG_COMPILER_GLOBAL_ACCENT_COLOR_NAME = AccentColor;
				CODE_SIGN_STYLE = Automatic;
				DEVELOPMENT_TEAM = 278NY2L9QE;
				INFOPLIST_FILE = Login/Info.plist;
				LD_RUNPATH_SEARCH_PATHS = (
					"$(inherited)",
					"@executable_path/Frameworks",
				);
				PRODUCT_BUNDLE_IDENTIFIER = voyageios.Login;
				PRODUCT_NAME = "$(TARGET_NAME)";
				SWIFT_VERSION = 5.0;
				TARGETED_DEVICE_FAMILY = "1,2";
			};
			name = Debug;
		};
		E7F3A86125F7278F00F8960D /* Release */ = {
			isa = XCBuildConfiguration;
			buildSettings = {
				ASSETCATALOG_COMPILER_APPICON_NAME = AppIcon;
				ASSETCATALOG_COMPILER_GLOBAL_ACCENT_COLOR_NAME = AccentColor;
				CODE_SIGN_STYLE = Automatic;
				DEVELOPMENT_TEAM = 278NY2L9QE;
				INFOPLIST_FILE = Login/Info.plist;
				LD_RUNPATH_SEARCH_PATHS = (
					"$(inherited)",
					"@executable_path/Frameworks",
				);
				PRODUCT_BUNDLE_IDENTIFIER = voyageios.Login;
				PRODUCT_NAME = "$(TARGET_NAME)";
				SWIFT_VERSION = 5.0;
				TARGETED_DEVICE_FAMILY = "1,2";
			};
			name = Release;
		};
		E7F3A86325F7278F00F8960D /* Debug */ = {
			isa = XCBuildConfiguration;
			buildSettings = {
				ALWAYS_EMBED_SWIFT_STANDARD_LIBRARIES = YES;
				BUNDLE_LOADER = "$(TEST_HOST)";
				CODE_SIGN_STYLE = Automatic;
				DEVELOPMENT_TEAM = 278NY2L9QE;
				INFOPLIST_FILE = LoginTests/Info.plist;
				IPHONEOS_DEPLOYMENT_TARGET = 14.4;
				LD_RUNPATH_SEARCH_PATHS = (
					"$(inherited)",
					"@executable_path/Frameworks",
					"@loader_path/Frameworks",
				);
				PRODUCT_BUNDLE_IDENTIFIER = voyageios.LoginTests;
				PRODUCT_NAME = "$(TARGET_NAME)";
				SWIFT_VERSION = 5.0;
				TARGETED_DEVICE_FAMILY = "1,2";
				TEST_HOST = "$(BUILT_PRODUCTS_DIR)/Login.app/Login";
			};
			name = Debug;
		};
		E7F3A86425F7278F00F8960D /* Release */ = {
			isa = XCBuildConfiguration;
			buildSettings = {
				ALWAYS_EMBED_SWIFT_STANDARD_LIBRARIES = YES;
				BUNDLE_LOADER = "$(TEST_HOST)";
				CODE_SIGN_STYLE = Automatic;
				DEVELOPMENT_TEAM = 278NY2L9QE;
				INFOPLIST_FILE = LoginTests/Info.plist;
				IPHONEOS_DEPLOYMENT_TARGET = 14.4;
				LD_RUNPATH_SEARCH_PATHS = (
					"$(inherited)",
					"@executable_path/Frameworks",
					"@loader_path/Frameworks",
				);
				PRODUCT_BUNDLE_IDENTIFIER = voyageios.LoginTests;
				PRODUCT_NAME = "$(TARGET_NAME)";
				SWIFT_VERSION = 5.0;
				TARGETED_DEVICE_FAMILY = "1,2";
				TEST_HOST = "$(BUILT_PRODUCTS_DIR)/Login.app/Login";
			};
			name = Release;
		};
		E7F3A86625F7278F00F8960D /* Debug */ = {
			isa = XCBuildConfiguration;
			buildSettings = {
				ALWAYS_EMBED_SWIFT_STANDARD_LIBRARIES = YES;
				CODE_SIGN_STYLE = Automatic;
				DEVELOPMENT_TEAM = 278NY2L9QE;
				INFOPLIST_FILE = LoginUITests/Info.plist;
				LD_RUNPATH_SEARCH_PATHS = (
					"$(inherited)",
					"@executable_path/Frameworks",
					"@loader_path/Frameworks",
				);
				PRODUCT_BUNDLE_IDENTIFIER = voyageios.LoginUITests;
				PRODUCT_NAME = "$(TARGET_NAME)";
				SWIFT_VERSION = 5.0;
				TARGETED_DEVICE_FAMILY = "1,2";
				TEST_TARGET_NAME = Login;
			};
			name = Debug;
		};
		E7F3A86725F7278F00F8960D /* Release */ = {
			isa = XCBuildConfiguration;
			buildSettings = {
				ALWAYS_EMBED_SWIFT_STANDARD_LIBRARIES = YES;
				CODE_SIGN_STYLE = Automatic;
				DEVELOPMENT_TEAM = 278NY2L9QE;
				INFOPLIST_FILE = LoginUITests/Info.plist;
				LD_RUNPATH_SEARCH_PATHS = (
					"$(inherited)",
					"@executable_path/Frameworks",
					"@loader_path/Frameworks",
				);
				PRODUCT_BUNDLE_IDENTIFIER = voyageios.LoginUITests;
				PRODUCT_NAME = "$(TARGET_NAME)";
				SWIFT_VERSION = 5.0;
				TARGETED_DEVICE_FAMILY = "1,2";
				TEST_TARGET_NAME = Login;
			};
			name = Release;
		};
/* End XCBuildConfiguration section */

/* Begin XCConfigurationList section */
		E7F3A83025F7278E00F8960D /* Build configuration list for PBXProject "Login" */ = {
			isa = XCConfigurationList;
			buildConfigurations = (
				E7F3A85D25F7278F00F8960D /* Debug */,
				E7F3A85E25F7278F00F8960D /* Release */,
			);
			defaultConfigurationIsVisible = 0;
			defaultConfigurationName = Release;
		};
		E7F3A85F25F7278F00F8960D /* Build configuration list for PBXNativeTarget "Login" */ = {
			isa = XCConfigurationList;
			buildConfigurations = (
				E7F3A86025F7278F00F8960D /* Debug */,
				E7F3A86125F7278F00F8960D /* Release */,
			);
			defaultConfigurationIsVisible = 0;
			defaultConfigurationName = Release;
		};
		E7F3A86225F7278F00F8960D /* Build configuration list for PBXNativeTarget "LoginTests" */ = {
			isa = XCConfigurationList;
			buildConfigurations = (
				E7F3A86325F7278F00F8960D /* Debug */,
				E7F3A86425F7278F00F8960D /* Release */,
			);
			defaultConfigurationIsVisible = 0;
			defaultConfigurationName = Release;
		};
		E7F3A86525F7278F00F8960D /* Build configuration list for PBXNativeTarget "LoginUITests" */ = {
			isa = XCConfigurationList;
			buildConfigurations = (
				E7F3A86625F7278F00F8960D /* Debug */,
				E7F3A86725F7278F00F8960D /* Release */,
			);
			defaultConfigurationIsVisible = 0;
			defaultConfigurationName = Release;
		};
/* End XCConfigurationList section */
	};
	rootObject = E7F3A82D25F7278E00F8960D /* Project object */;
}
