// !$*UTF8*$!
{
	archiveVersion = 1;
	classes = {
	};
	objectVersion = 51;
	objects = {

/* Begin PBXBuildFile section */
		7F55AF247D088221F0103BCF /* Pods_RxOrder.framework in Frameworks */ = {isa = PBXBuildFile; fileRef = 0FE79BA3C1926CFFBF1C5DE4 /* Pods_RxOrder.framework */; };
		E307E36626198A1D00DDDAAA /* AppDelegate.swift in Sources */ = {isa = PBXBuildFile; fileRef = E307E36526198A1D00DDDAAA /* AppDelegate.swift */; };
		E307E36826198A1D00DDDAAA /* SceneDelegate.swift in Sources */ = {isa = PBXBuildFile; fileRef = E307E36726198A1D00DDDAAA /* SceneDelegate.swift */; };
		E307E36A26198A1D00DDDAAA /* ViewController.swift in Sources */ = {isa = PBXBuildFile; fileRef = E307E36926198A1D00DDDAAA /* ViewController.swift */; };
		E307E36D26198A1D00DDDAAA /* Main.storyboard in Resources */ = {isa = PBXBuildFile; fileRef = E307E36B26198A1D00DDDAAA /* Main.storyboard */; };
		E307E36F26198A1E00DDDAAA /* Assets.xcassets in Resources */ = {isa = PBXBuildFile; fileRef = E307E36E26198A1E00DDDAAA /* Assets.xcassets */; };
		E307E37226198A1E00DDDAAA /* LaunchScreen.storyboard in Resources */ = {isa = PBXBuildFile; fileRef = E307E37026198A1E00DDDAAA /* LaunchScreen.storyboard */; };
		E307E38D2619928100DDDAAA /* OrderTableCell.swift in Sources */ = {isa = PBXBuildFile; fileRef = E307E38C2619928100DDDAAA /* OrderTableCell.swift */; };
		E307E3902619946700DDDAAA /* ViewModel.swift in Sources */ = {isa = PBXBuildFile; fileRef = E307E38F2619946700DDDAAA /* ViewModel.swift */; };
		E307E3932619956C00DDDAAA /* ReceiptViewController.swift in Sources */ = {isa = PBXBuildFile; fileRef = E307E3922619956C00DDDAAA /* ReceiptViewController.swift */; };
/* End PBXBuildFile section */

/* Begin PBXFileReference section */
		0FE79BA3C1926CFFBF1C5DE4 /* Pods_RxOrder.framework */ = {isa = PBXFileReference; explicitFileType = wrapper.framework; includeInIndex = 0; path = Pods_RxOrder.framework; sourceTree = BUILT_PRODUCTS_DIR; };
		79073CD282D94A886399BD32 /* Pods-RxOrder.debug.xcconfig */ = {isa = PBXFileReference; includeInIndex = 1; lastKnownFileType = text.xcconfig; name = "Pods-RxOrder.debug.xcconfig"; path = "Target Support Files/Pods-RxOrder/Pods-RxOrder.debug.xcconfig"; sourceTree = "<group>"; };
		E307E36226198A1D00DDDAAA /* RxOrder.app */ = {isa = PBXFileReference; explicitFileType = wrapper.application; includeInIndex = 0; path = RxOrder.app; sourceTree = BUILT_PRODUCTS_DIR; };
		E307E36526198A1D00DDDAAA /* AppDelegate.swift */ = {isa = PBXFileReference; lastKnownFileType = sourcecode.swift; path = AppDelegate.swift; sourceTree = "<group>"; };
		E307E36726198A1D00DDDAAA /* SceneDelegate.swift */ = {isa = PBXFileReference; lastKnownFileType = sourcecode.swift; path = SceneDelegate.swift; sourceTree = "<group>"; };
		E307E36926198A1D00DDDAAA /* ViewController.swift */ = {isa = PBXFileReference; lastKnownFileType = sourcecode.swift; path = ViewController.swift; sourceTree = "<group>"; };
		E307E36C26198A1D00DDDAAA /* Base */ = {isa = PBXFileReference; lastKnownFileType = file.storyboard; name = Base; path = Base.lproj/Main.storyboard; sourceTree = "<group>"; };
		E307E36E26198A1E00DDDAAA /* Assets.xcassets */ = {isa = PBXFileReference; lastKnownFileType = folder.assetcatalog; path = Assets.xcassets; sourceTree = "<group>"; };
		E307E37126198A1E00DDDAAA /* Base */ = {isa = PBXFileReference; lastKnownFileType = file.storyboard; name = Base; path = Base.lproj/LaunchScreen.storyboard; sourceTree = "<group>"; };
		E307E37326198A1E00DDDAAA /* Info.plist */ = {isa = PBXFileReference; lastKnownFileType = text.plist.xml; path = Info.plist; sourceTree = "<group>"; };
		E307E38C2619928100DDDAAA /* OrderTableCell.swift */ = {isa = PBXFileReference; lastKnownFileType = sourcecode.swift; path = OrderTableCell.swift; sourceTree = "<group>"; };
		E307E38F2619946700DDDAAA /* ViewModel.swift */ = {isa = PBXFileReference; lastKnownFileType = sourcecode.swift; path = ViewModel.swift; sourceTree = "<group>"; };
		E307E3922619956C00DDDAAA /* ReceiptViewController.swift */ = {isa = PBXFileReference; lastKnownFileType = sourcecode.swift; path = ReceiptViewController.swift; sourceTree = "<group>"; };
		E68A7F9777C0225E52574DBE /* Pods-RxOrder.release.xcconfig */ = {isa = PBXFileReference; includeInIndex = 1; lastKnownFileType = text.xcconfig; name = "Pods-RxOrder.release.xcconfig"; path = "Target Support Files/Pods-RxOrder/Pods-RxOrder.release.xcconfig"; sourceTree = "<group>"; };
/* End PBXFileReference section */

/* Begin PBXFrameworksBuildPhase section */
		E307E35F26198A1D00DDDAAA /* Frameworks */ = {
			isa = PBXFrameworksBuildPhase;
			buildActionMask = 2147483647;
			files = (
				7F55AF247D088221F0103BCF /* Pods_RxOrder.framework in Frameworks */,
			);
			runOnlyForDeploymentPostprocessing = 0;
		};
/* End PBXFrameworksBuildPhase section */

/* Begin PBXGroup section */
		08E12B9D4CBD80E547D32505 /* Pods */ = {
			isa = PBXGroup;
			children = (
				79073CD282D94A886399BD32 /* Pods-RxOrder.debug.xcconfig */,
				E68A7F9777C0225E52574DBE /* Pods-RxOrder.release.xcconfig */,
			);
			path = Pods;
			sourceTree = "<group>";
		};
		110EAF37C426062F1B562421 /* Frameworks */ = {
			isa = PBXGroup;
			children = (
				0FE79BA3C1926CFFBF1C5DE4 /* Pods_RxOrder.framework */,
			);
			name = Frameworks;
			sourceTree = "<group>";
		};
		E307E35926198A1D00DDDAAA = {
			isa = PBXGroup;
			children = (
				E307E36426198A1D00DDDAAA /* RxOrder */,
				E307E36326198A1D00DDDAAA /* Products */,
				08E12B9D4CBD80E547D32505 /* Pods */,
				110EAF37C426062F1B562421 /* Frameworks */,
			);
			sourceTree = "<group>";
		};
		E307E36326198A1D00DDDAAA /* Products */ = {
			isa = PBXGroup;
			children = (
				E307E36226198A1D00DDDAAA /* RxOrder.app */,
			);
			name = Products;
			sourceTree = "<group>";
		};
		E307E36426198A1D00DDDAAA /* RxOrder */ = {
			isa = PBXGroup;
			children = (
				E307E36526198A1D00DDDAAA /* AppDelegate.swift */,
				E307E36726198A1D00DDDAAA /* SceneDelegate.swift */,
				E307E36926198A1D00DDDAAA /* ViewController.swift */,
				E307E3922619956C00DDDAAA /* ReceiptViewController.swift */,
				E307E38C2619928100DDDAAA /* OrderTableCell.swift */,
				E307E36B26198A1D00DDDAAA /* Main.storyboard */,
				E307E38F2619946700DDDAAA /* ViewModel.swift */,
				E307E36E26198A1E00DDDAAA /* Assets.xcassets */,
				E307E37026198A1E00DDDAAA /* LaunchScreen.storyboard */,
				E307E37326198A1E00DDDAAA /* Info.plist */,
			);
			path = RxOrder;
			sourceTree = "<group>";
		};
/* End PBXGroup section */

/* Begin PBXNativeTarget section */
		E307E36126198A1D00DDDAAA /* RxOrder */ = {
			isa = PBXNativeTarget;
			buildConfigurationList = E307E37626198A1E00DDDAAA /* Build configuration list for PBXNativeTarget "RxOrder" */;
			buildPhases = (
				5DD7B03A5F17D9BA251A59F7 /* [CP] Check Pods Manifest.lock */,
				E307E35E26198A1D00DDDAAA /* Sources */,
				E307E35F26198A1D00DDDAAA /* Frameworks */,
				E307E36026198A1D00DDDAAA /* Resources */,
				D56C399DE683316F85CC3911 /* [CP] Embed Pods Frameworks */,
			);
			buildRules = (
			);
			dependencies = (
			);
			name = RxOrder;
			productName = RxOrder;
			productReference = E307E36226198A1D00DDDAAA /* RxOrder.app */;
			productType = "com.apple.product-type.application";
		};
/* End PBXNativeTarget section */

/* Begin PBXProject section */
		E307E35A26198A1D00DDDAAA /* Project object */ = {
			isa = PBXProject;
			attributes = {
				LastSwiftUpdateCheck = 1230;
				LastUpgradeCheck = 1230;
				TargetAttributes = {
					E307E36126198A1D00DDDAAA = {
						CreatedOnToolsVersion = 12.3;
					};
				};
			};
			buildConfigurationList = E307E35D26198A1D00DDDAAA /* Build configuration list for PBXProject "RxOrder" */;
			compatibilityVersion = "Xcode 9.3";
			developmentRegion = en;
			hasScannedForEncodings = 0;
			knownRegions = (
				en,
				Base,
			);
			mainGroup = E307E35926198A1D00DDDAAA;
			productRefGroup = E307E36326198A1D00DDDAAA /* Products */;
			projectDirPath = "";
			projectRoot = "";
			targets = (
				E307E36126198A1D00DDDAAA /* RxOrder */,
			);
		};
/* End PBXProject section */

/* Begin PBXResourcesBuildPhase section */
		E307E36026198A1D00DDDAAA /* Resources */ = {
			isa = PBXResourcesBuildPhase;
			buildActionMask = 2147483647;
			files = (
				E307E37226198A1E00DDDAAA /* LaunchScreen.storyboard in Resources */,
				E307E36F26198A1E00DDDAAA /* Assets.xcassets in Resources */,
				E307E36D26198A1D00DDDAAA /* Main.storyboard in Resources */,
			);
			runOnlyForDeploymentPostprocessing = 0;
		};
/* End PBXResourcesBuildPhase section */

/* Begin PBXShellScriptBuildPhase section */
		5DD7B03A5F17D9BA251A59F7 /* [CP] Check Pods Manifest.lock */ = {
			isa = PBXShellScriptBuildPhase;
			buildActionMask = 2147483647;
			files = (
			);
			inputFileListPaths = (
			);
			inputPaths = (
				"${PODS_PODFILE_DIR_PATH}/Podfile.lock",
				"${PODS_ROOT}/Manifest.lock",
			);
			name = "[CP] Check Pods Manifest.lock";
			outputFileListPaths = (
			);
			outputPaths = (
				"$(DERIVED_FILE_DIR)/Pods-RxOrder-checkManifestLockResult.txt",
			);
			runOnlyForDeploymentPostprocessing = 0;
			shellPath = /bin/sh;
			shellScript = "diff \"${PODS_PODFILE_DIR_PATH}/Podfile.lock\" \"${PODS_ROOT}/Manifest.lock\" > /dev/null\nif [ $? != 0 ] ; then\n    # print error to STDERR\n    echo \"error: The sandbox is not in sync with the Podfile.lock. Run 'pod install' or update your CocoaPods installation.\" >&2\n    exit 1\nfi\n# This output is used by Xcode 'outputs' to avoid re-running this script phase.\necho \"SUCCESS\" > \"${SCRIPT_OUTPUT_FILE_0}\"\n";
			showEnvVarsInLog = 0;
		};
		D56C399DE683316F85CC3911 /* [CP] Embed Pods Frameworks */ = {
			isa = PBXShellScriptBuildPhase;
			buildActionMask = 2147483647;
			files = (
			);
			inputFileListPaths = (
				"${PODS_ROOT}/Target Support Files/Pods-RxOrder/Pods-RxOrder-frameworks-${CONFIGURATION}-input-files.xcfilelist",
			);
			name = "[CP] Embed Pods Frameworks";
			outputFileListPaths = (
				"${PODS_ROOT}/Target Support Files/Pods-RxOrder/Pods-RxOrder-frameworks-${CONFIGURATION}-output-files.xcfilelist",
			);
			runOnlyForDeploymentPostprocessing = 0;
			shellPath = /bin/sh;
			shellScript = "\"${PODS_ROOT}/Target Support Files/Pods-RxOrder/Pods-RxOrder-frameworks.sh\"\n";
			showEnvVarsInLog = 0;
		};
/* End PBXShellScriptBuildPhase section */

/* Begin PBXSourcesBuildPhase section */
		E307E35E26198A1D00DDDAAA /* Sources */ = {
			isa = PBXSourcesBuildPhase;
			buildActionMask = 2147483647;
			files = (
				E307E3902619946700DDDAAA /* ViewModel.swift in Sources */,
				E307E36A26198A1D00DDDAAA /* ViewController.swift in Sources */,
				E307E36626198A1D00DDDAAA /* AppDelegate.swift in Sources */,
				E307E3932619956C00DDDAAA /* ReceiptViewController.swift in Sources */,
				E307E36826198A1D00DDDAAA /* SceneDelegate.swift in Sources */,
				E307E38D2619928100DDDAAA /* OrderTableCell.swift in Sources */,
			);
			runOnlyForDeploymentPostprocessing = 0;
		};
/* End PBXSourcesBuildPhase section */

/* Begin PBXVariantGroup section */
		E307E36B26198A1D00DDDAAA /* Main.storyboard */ = {
			isa = PBXVariantGroup;
			children = (
				E307E36C26198A1D00DDDAAA /* Base */,
			);
			name = Main.storyboard;
			sourceTree = "<group>";
		};
		E307E37026198A1E00DDDAAA /* LaunchScreen.storyboard */ = {
			isa = PBXVariantGroup;
			children = (
				E307E37126198A1E00DDDAAA /* Base */,
			);
			name = LaunchScreen.storyboard;
			sourceTree = "<group>";
		};
/* End PBXVariantGroup section */

/* Begin XCBuildConfiguration section */
		E307E37426198A1E00DDDAAA /* Debug */ = {
			isa = XCBuildConfiguration;
			buildSettings = {
				ALWAYS_SEARCH_USER_PATHS = NO;
				CLANG_ANALYZER_NONNULL = YES;
				CLANG_ANALYZER_NUMBER_OBJECT_CONVERSION = YES_AGGRESSIVE;
				CLANG_CXX_LANGUAGE_STANDARD = "gnu++14";
				CLANG_CXX_LIBRARY = "libc++";
				CLANG_ENABLE_MODULES = YES;
				CLANG_ENABLE_OBJC_ARC = YES;
				CLANG_ENABLE_OBJC_WEAK = YES;
				CLANG_WARN_BLOCK_CAPTURE_AUTORELEASING = YES;
				CLANG_WARN_BOOL_CONVERSION = YES;
				CLANG_WARN_COMMA = YES;
				CLANG_WARN_CONSTANT_CONVERSION = YES;
				CLANG_WARN_DEPRECATED_OBJC_IMPLEMENTATIONS = YES;
				CLANG_WARN_DIRECT_OBJC_ISA_USAGE = YES_ERROR;
				CLANG_WARN_DOCUMENTATION_COMMENTS = YES;
				CLANG_WARN_EMPTY_BODY = YES;
				CLANG_WARN_ENUM_CONVERSION = YES;
				CLANG_WARN_INFINITE_RECURSION = YES;
				CLANG_WARN_INT_CONVERSION = YES;
				CLANG_WARN_NON_LITERAL_NULL_CONVERSION = YES;
				CLANG_WARN_OBJC_IMPLICIT_RETAIN_SELF = YES;
				CLANG_WARN_OBJC_LITERAL_CONVERSION = YES;
				CLANG_WARN_OBJC_ROOT_CLASS = YES_ERROR;
				CLANG_WARN_QUOTED_INCLUDE_IN_FRAMEWORK_HEADER = YES;
				CLANG_WARN_RANGE_LOOP_ANALYSIS = YES;
				CLANG_WARN_STRICT_PROTOTYPES = YES;
				CLANG_WARN_SUSPICIOUS_MOVE = YES;
				CLANG_WARN_UNGUARDED_AVAILABILITY = YES_AGGRESSIVE;
				CLANG_WARN_UNREACHABLE_CODE = YES;
				CLANG_WARN__DUPLICATE_METHOD_MATCH = YES;
				COPY_PHASE_STRIP = NO;
				DEBUG_INFORMATION_FORMAT = dwarf;
				ENABLE_STRICT_OBJC_MSGSEND = YES;
				ENABLE_TESTABILITY = YES;
				GCC_C_LANGUAGE_STANDARD = gnu11;
				GCC_DYNAMIC_NO_PIC = NO;
				GCC_NO_COMMON_BLOCKS = YES;
				GCC_OPTIMIZATION_LEVEL = 0;
				GCC_PREPROCESSOR_DEFINITIONS = (
					"DEBUG=1",
					"$(inherited)",
				);
				GCC_WARN_64_TO_32_BIT_CONVERSION = YES;
				GCC_WARN_ABOUT_RETURN_TYPE = YES_ERROR;
				GCC_WARN_UNDECLARED_SELECTOR = YES;
				GCC_WARN_UNINITIALIZED_AUTOS = YES_AGGRESSIVE;
				GCC_WARN_UNUSED_FUNCTION = YES;
				GCC_WARN_UNUSED_VARIABLE = YES;
				IPHONEOS_DEPLOYMENT_TARGET = 14.3;
				MTL_ENABLE_DEBUG_INFO = INCLUDE_SOURCE;
				MTL_FAST_MATH = YES;
				ONLY_ACTIVE_ARCH = YES;
				SDKROOT = iphoneos;
				SWIFT_ACTIVE_COMPILATION_CONDITIONS = DEBUG;
				SWIFT_OPTIMIZATION_LEVEL = "-Onone";
			};
			name = Debug;
		};
		E307E37526198A1E00DDDAAA /* Release */ = {
			isa = XCBuildConfiguration;
			buildSettings = {
				ALWAYS_SEARCH_USER_PATHS = NO;
				CLANG_ANALYZER_NONNULL = YES;
				CLANG_ANALYZER_NUMBER_OBJECT_CONVERSION = YES_AGGRESSIVE;
				CLANG_CXX_LANGUAGE_STANDARD = "gnu++14";
				CLANG_CXX_LIBRARY = "libc++";
				CLANG_ENABLE_MODULES = YES;
				CLANG_ENABLE_OBJC_ARC = YES;
				CLANG_ENABLE_OBJC_WEAK = YES;
				CLANG_WARN_BLOCK_CAPTURE_AUTORELEASING = YES;
				CLANG_WARN_BOOL_CONVERSION = YES;
				CLANG_WARN_COMMA = YES;
				CLANG_WARN_CONSTANT_CONVERSION = YES;
				CLANG_WARN_DEPRECATED_OBJC_IMPLEMENTATIONS = YES;
				CLANG_WARN_DIRECT_OBJC_ISA_USAGE = YES_ERROR;
				CLANG_WARN_DOCUMENTATION_COMMENTS = YES;
				CLANG_WARN_EMPTY_BODY = YES;
				CLANG_WARN_ENUM_CONVERSION = YES;
				CLANG_WARN_INFINITE_RECURSION = YES;
				CLANG_WARN_INT_CONVERSION = YES;
				CLANG_WARN_NON_LITERAL_NULL_CONVERSION = YES;
				CLANG_WARN_OBJC_IMPLICIT_RETAIN_SELF = YES;
				CLANG_WARN_OBJC_LITERAL_CONVERSION = YES;
				CLANG_WARN_OBJC_ROOT_CLASS = YES_ERROR;
				CLANG_WARN_QUOTED_INCLUDE_IN_FRAMEWORK_HEADER = YES;
				CLANG_WARN_RANGE_LOOP_ANALYSIS = YES;
				CLANG_WARN_STRICT_PROTOTYPES = YES;
				CLANG_WARN_SUSPICIOUS_MOVE = YES;
				CLANG_WARN_UNGUARDED_AVAILABILITY = YES_AGGRESSIVE;
				CLANG_WARN_UNREACHABLE_CODE = YES;
				CLANG_WARN__DUPLICATE_METHOD_MATCH = YES;
				COPY_PHASE_STRIP = NO;
				DEBUG_INFORMATION_FORMAT = "dwarf-with-dsym";
				ENABLE_NS_ASSERTIONS = NO;
				ENABLE_STRICT_OBJC_MSGSEND = YES;
				GCC_C_LANGUAGE_STANDARD = gnu11;
				GCC_NO_COMMON_BLOCKS = YES;
				GCC_WARN_64_TO_32_BIT_CONVERSION = YES;
				GCC_WARN_ABOUT_RETURN_TYPE = YES_ERROR;
				GCC_WARN_UNDECLARED_SELECTOR = YES;
				GCC_WARN_UNINITIALIZED_AUTOS = YES_AGGRESSIVE;
				GCC_WARN_UNUSED_FUNCTION = YES;
				GCC_WARN_UNUSED_VARIABLE = YES;
				IPHONEOS_DEPLOYMENT_TARGET = 14.3;
				MTL_ENABLE_DEBUG_INFO = NO;
				MTL_FAST_MATH = YES;
				SDKROOT = iphoneos;
				SWIFT_COMPILATION_MODE = wholemodule;
				SWIFT_OPTIMIZATION_LEVEL = "-O";
				VALIDATE_PRODUCT = YES;
			};
			name = Release;
		};
		E307E37726198A1E00DDDAAA /* Debug */ = {
			isa = XCBuildConfiguration;
			baseConfigurationReference = 79073CD282D94A886399BD32 /* Pods-RxOrder.debug.xcconfig */;
			buildSettings = {
				ASSETCATALOG_COMPILER_APPICON_NAME = AppIcon;
				ASSETCATALOG_COMPILER_GLOBAL_ACCENT_COLOR_NAME = AccentColor;
				CODE_SIGN_STYLE = Automatic;
				INFOPLIST_FILE = RxOrder/Info.plist;
				LD_RUNPATH_SEARCH_PATHS = (
					"$(inherited)",
					"@executable_path/Frameworks",
				);
				PRODUCT_BUNDLE_IDENTIFIER = com.daniel.RxOrder;
				PRODUCT_NAME = "$(TARGET_NAME)";
				SWIFT_VERSION = 5.0;
				TARGETED_DEVICE_FAMILY = "1,2";
			};
			name = Debug;
		};
		E307E37826198A1E00DDDAAA /* Release */ = {
			isa = XCBuildConfiguration;
			baseConfigurationReference = E68A7F9777C0225E52574DBE /* Pods-RxOrder.release.xcconfig */;
			buildSettings = {
				ASSETCATALOG_COMPILER_APPICON_NAME = AppIcon;
				ASSETCATALOG_COMPILER_GLOBAL_ACCENT_COLOR_NAME = AccentColor;
				CODE_SIGN_STYLE = Automatic;
				INFOPLIST_FILE = RxOrder/Info.plist;
				LD_RUNPATH_SEARCH_PATHS = (
					"$(inherited)",
					"@executable_path/Frameworks",
				);
				PRODUCT_BUNDLE_IDENTIFIER = com.daniel.RxOrder;
				PRODUCT_NAME = "$(TARGET_NAME)";
				SWIFT_VERSION = 5.0;
				TARGETED_DEVICE_FAMILY = "1,2";
			};
			name = Release;
		};
/* End XCBuildConfiguration section */

/* Begin XCConfigurationList section */
		E307E35D26198A1D00DDDAAA /* Build configuration list for PBXProject "RxOrder" */ = {
			isa = XCConfigurationList;
			buildConfigurations = (
				E307E37426198A1E00DDDAAA /* Debug */,
				E307E37526198A1E00DDDAAA /* Release */,
			);
			defaultConfigurationIsVisible = 0;
			defaultConfigurationName = Release;
		};
		E307E37626198A1E00DDDAAA /* Build configuration list for PBXNativeTarget "RxOrder" */ = {
			isa = XCConfigurationList;
			buildConfigurations = (
				E307E37726198A1E00DDDAAA /* Debug */,
				E307E37826198A1E00DDDAAA /* Release */,
			);
			defaultConfigurationIsVisible = 0;
			defaultConfigurationName = Release;
		};
/* End XCConfigurationList section */
	};
	rootObject = E307E35A26198A1D00DDDAAA /* Project object */;
}
