// !$*UTF8*$!
{
	archiveVersion = 1;
	classes = {
	};
	objectVersion = 51;
	objects = {

/* Begin PBXBuildFile section */
		259C605C25EA39EA00400CC8 /* AppDelegate.swift in Sources */ = {isa = PBXBuildFile; fileRef = 259C605B25EA39EA00400CC8 /* AppDelegate.swift */; };
		259C605E25EA39EA00400CC8 /* SceneDelegate.swift in Sources */ = {isa = PBXBuildFile; fileRef = 259C605D25EA39EA00400CC8 /* SceneDelegate.swift */; };
		259C606325EA39EA00400CC8 /* Main.storyboard in Resources */ = {isa = PBXBuildFile; fileRef = 259C606125EA39EA00400CC8 /* Main.storyboard */; };
		259C606525EA39EC00400CC8 /* Assets.xcassets in Resources */ = {isa = PBXBuildFile; fileRef = 259C606425EA39EC00400CC8 /* Assets.xcassets */; };
		259C606825EA39EC00400CC8 /* LaunchScreen.storyboard in Resources */ = {isa = PBXBuildFile; fileRef = 259C606625EA39EC00400CC8 /* LaunchScreen.storyboard */; };
		259C607E25EA4CA200400CC8 /* TodoTableViewController.swift in Sources */ = {isa = PBXBuildFile; fileRef = 259C607D25EA4CA200400CC8 /* TodoTableViewController.swift */; };
		259C608125EA4CB000400CC8 /* TodoTableViewModel.swift in Sources */ = {isa = PBXBuildFile; fileRef = 259C608025EA4CB000400CC8 /* TodoTableViewModel.swift */; };
		259C608525EA4CBB00400CC8 /* TodoTableModel.swift in Sources */ = {isa = PBXBuildFile; fileRef = 259C608425EA4CBB00400CC8 /* TodoTableModel.swift */; };
		E32F9A5DE3E14BF723AEF236 /* Pods_RxTodos.framework in Frameworks */ = {isa = PBXBuildFile; fileRef = 4FC53262D5D0FE348698C9DC /* Pods_RxTodos.framework */; };
/* End PBXBuildFile section */

/* Begin PBXFileReference section */
		1F36C8D5050EFE480990D34D /* Pods-RxTodos.debug.xcconfig */ = {isa = PBXFileReference; includeInIndex = 1; lastKnownFileType = text.xcconfig; name = "Pods-RxTodos.debug.xcconfig"; path = "Target Support Files/Pods-RxTodos/Pods-RxTodos.debug.xcconfig"; sourceTree = "<group>"; };
		259C605825EA39EA00400CC8 /* RxTodos.app */ = {isa = PBXFileReference; explicitFileType = wrapper.application; includeInIndex = 0; path = RxTodos.app; sourceTree = BUILT_PRODUCTS_DIR; };
		259C605B25EA39EA00400CC8 /* AppDelegate.swift */ = {isa = PBXFileReference; lastKnownFileType = sourcecode.swift; path = AppDelegate.swift; sourceTree = "<group>"; };
		259C605D25EA39EA00400CC8 /* SceneDelegate.swift */ = {isa = PBXFileReference; lastKnownFileType = sourcecode.swift; path = SceneDelegate.swift; sourceTree = "<group>"; };
		259C606225EA39EA00400CC8 /* Base */ = {isa = PBXFileReference; lastKnownFileType = file.storyboard; name = Base; path = Base.lproj/Main.storyboard; sourceTree = "<group>"; };
		259C606425EA39EC00400CC8 /* Assets.xcassets */ = {isa = PBXFileReference; lastKnownFileType = folder.assetcatalog; path = Assets.xcassets; sourceTree = "<group>"; };
		259C606725EA39EC00400CC8 /* Base */ = {isa = PBXFileReference; lastKnownFileType = file.storyboard; name = Base; path = Base.lproj/LaunchScreen.storyboard; sourceTree = "<group>"; };
		259C606925EA39EC00400CC8 /* Info.plist */ = {isa = PBXFileReference; lastKnownFileType = text.plist.xml; path = Info.plist; sourceTree = "<group>"; };
		259C607D25EA4CA200400CC8 /* TodoTableViewController.swift */ = {isa = PBXFileReference; lastKnownFileType = sourcecode.swift; path = TodoTableViewController.swift; sourceTree = "<group>"; };
		259C608025EA4CB000400CC8 /* TodoTableViewModel.swift */ = {isa = PBXFileReference; lastKnownFileType = sourcecode.swift; path = TodoTableViewModel.swift; sourceTree = "<group>"; };
		259C608425EA4CBB00400CC8 /* TodoTableModel.swift */ = {isa = PBXFileReference; lastKnownFileType = sourcecode.swift; path = TodoTableModel.swift; sourceTree = "<group>"; };
		4FC53262D5D0FE348698C9DC /* Pods_RxTodos.framework */ = {isa = PBXFileReference; explicitFileType = wrapper.framework; includeInIndex = 0; path = Pods_RxTodos.framework; sourceTree = BUILT_PRODUCTS_DIR; };
		E4883D2735C5698E473E1575 /* Pods-RxTodos.release.xcconfig */ = {isa = PBXFileReference; includeInIndex = 1; lastKnownFileType = text.xcconfig; name = "Pods-RxTodos.release.xcconfig"; path = "Target Support Files/Pods-RxTodos/Pods-RxTodos.release.xcconfig"; sourceTree = "<group>"; };
/* End PBXFileReference section */

/* Begin PBXFrameworksBuildPhase section */
		259C605525EA39EA00400CC8 /* Frameworks */ = {
			isa = PBXFrameworksBuildPhase;
			buildActionMask = 2147483647;
			files = (
				E32F9A5DE3E14BF723AEF236 /* Pods_RxTodos.framework in Frameworks */,
			);
			runOnlyForDeploymentPostprocessing = 0;
		};
/* End PBXFrameworksBuildPhase section */

/* Begin PBXGroup section */
		259C604F25EA39EA00400CC8 = {
			isa = PBXGroup;
			children = (
				259C605A25EA39EA00400CC8 /* RxTodos */,
				259C605925EA39EA00400CC8 /* Products */,
				9B0B957CAD7C79BD0F6E6CFB /* Pods */,
				9FF64D01112B5D3F991D798F /* Frameworks */,
			);
			sourceTree = "<group>";
		};
		259C605925EA39EA00400CC8 /* Products */ = {
			isa = PBXGroup;
			children = (
				259C605825EA39EA00400CC8 /* RxTodos.app */,
			);
			name = Products;
			sourceTree = "<group>";
		};
		259C605A25EA39EA00400CC8 /* RxTodos */ = {
			isa = PBXGroup;
			children = (
				259C607725EA4C4F00400CC8 /* TodoDetailView */,
				259C607625EA4C4300400CC8 /* TodoTableView */,
				259C605B25EA39EA00400CC8 /* AppDelegate.swift */,
				259C605D25EA39EA00400CC8 /* SceneDelegate.swift */,
				259C606125EA39EA00400CC8 /* Main.storyboard */,
				259C606425EA39EC00400CC8 /* Assets.xcassets */,
				259C606625EA39EC00400CC8 /* LaunchScreen.storyboard */,
				259C606925EA39EC00400CC8 /* Info.plist */,
			);
			path = RxTodos;
			sourceTree = "<group>";
		};
		259C607625EA4C4300400CC8 /* TodoTableView */ = {
			isa = PBXGroup;
			children = (
				259C607D25EA4CA200400CC8 /* TodoTableViewController.swift */,
				259C608025EA4CB000400CC8 /* TodoTableViewModel.swift */,
				259C608425EA4CBB00400CC8 /* TodoTableModel.swift */,
			);
			path = TodoTableView;
			sourceTree = "<group>";
		};
		259C607725EA4C4F00400CC8 /* TodoDetailView */ = {
			isa = PBXGroup;
			children = (
			);
			path = TodoDetailView;
			sourceTree = "<group>";
		};
		9B0B957CAD7C79BD0F6E6CFB /* Pods */ = {
			isa = PBXGroup;
			children = (
				1F36C8D5050EFE480990D34D /* Pods-RxTodos.debug.xcconfig */,
				E4883D2735C5698E473E1575 /* Pods-RxTodos.release.xcconfig */,
			);
			path = Pods;
			sourceTree = "<group>";
		};
		9FF64D01112B5D3F991D798F /* Frameworks */ = {
			isa = PBXGroup;
			children = (
				4FC53262D5D0FE348698C9DC /* Pods_RxTodos.framework */,
			);
			name = Frameworks;
			sourceTree = "<group>";
		};
/* End PBXGroup section */

/* Begin PBXNativeTarget section */
		259C605725EA39EA00400CC8 /* RxTodos */ = {
			isa = PBXNativeTarget;
			buildConfigurationList = 259C606C25EA39EC00400CC8 /* Build configuration list for PBXNativeTarget "RxTodos" */;
			buildPhases = (
				6911079C434DAFA3AC01741F /* [CP] Check Pods Manifest.lock */,
				259C605425EA39EA00400CC8 /* Sources */,
				259C605525EA39EA00400CC8 /* Frameworks */,
				259C605625EA39EA00400CC8 /* Resources */,
				7C9C58F1BDBD0C93B0D66DD7 /* [CP] Embed Pods Frameworks */,
			);
			buildRules = (
			);
			dependencies = (
			);
			name = RxTodos;
			productName = RxTodos;
			productReference = 259C605825EA39EA00400CC8 /* RxTodos.app */;
			productType = "com.apple.product-type.application";
		};
/* End PBXNativeTarget section */

/* Begin PBXProject section */
		259C605025EA39EA00400CC8 /* Project object */ = {
			isa = PBXProject;
			attributes = {
				LastSwiftUpdateCheck = 1220;
				LastUpgradeCheck = 1220;
				TargetAttributes = {
					259C605725EA39EA00400CC8 = {
						CreatedOnToolsVersion = 12.2;
					};
				};
			};
			buildConfigurationList = 259C605325EA39EA00400CC8 /* Build configuration list for PBXProject "RxTodos" */;
			compatibilityVersion = "Xcode 9.3";
			developmentRegion = en;
			hasScannedForEncodings = 0;
			knownRegions = (
				en,
				Base,
			);
			mainGroup = 259C604F25EA39EA00400CC8;
			productRefGroup = 259C605925EA39EA00400CC8 /* Products */;
			projectDirPath = "";
			projectRoot = "";
			targets = (
				259C605725EA39EA00400CC8 /* RxTodos */,
			);
		};
/* End PBXProject section */

/* Begin PBXResourcesBuildPhase section */
		259C605625EA39EA00400CC8 /* Resources */ = {
			isa = PBXResourcesBuildPhase;
			buildActionMask = 2147483647;
			files = (
				259C606825EA39EC00400CC8 /* LaunchScreen.storyboard in Resources */,
				259C606525EA39EC00400CC8 /* Assets.xcassets in Resources */,
				259C606325EA39EA00400CC8 /* Main.storyboard in Resources */,
			);
			runOnlyForDeploymentPostprocessing = 0;
		};
/* End PBXResourcesBuildPhase section */

/* Begin PBXShellScriptBuildPhase section */
		6911079C434DAFA3AC01741F /* [CP] Check Pods Manifest.lock */ = {
			isa = PBXShellScriptBuildPhase;
			buildActionMask = 2147483647;
			files = (
			);
			inputFileListPaths = (
			);
			inputPaths = (
				"${PODS_PODFILE_DIR_PATH}/Podfile.lock",
				"${PODS_ROOT}/Manifest.lock",
			);
			name = "[CP] Check Pods Manifest.lock";
			outputFileListPaths = (
			);
			outputPaths = (
				"$(DERIVED_FILE_DIR)/Pods-RxTodos-checkManifestLockResult.txt",
			);
			runOnlyForDeploymentPostprocessing = 0;
			shellPath = /bin/sh;
			shellScript = "diff \"${PODS_PODFILE_DIR_PATH}/Podfile.lock\" \"${PODS_ROOT}/Manifest.lock\" > /dev/null\nif [ $? != 0 ] ; then\n    # print error to STDERR\n    echo \"error: The sandbox is not in sync with the Podfile.lock. Run 'pod install' or update your CocoaPods installation.\" >&2\n    exit 1\nfi\n# This output is used by Xcode 'outputs' to avoid re-running this script phase.\necho \"SUCCESS\" > \"${SCRIPT_OUTPUT_FILE_0}\"\n";
			showEnvVarsInLog = 0;
		};
		7C9C58F1BDBD0C93B0D66DD7 /* [CP] Embed Pods Frameworks */ = {
			isa = PBXShellScriptBuildPhase;
			buildActionMask = 2147483647;
			files = (
			);
			inputFileListPaths = (
				"${PODS_ROOT}/Target Support Files/Pods-RxTodos/Pods-RxTodos-frameworks-${CONFIGURATION}-input-files.xcfilelist",
			);
			name = "[CP] Embed Pods Frameworks";
			outputFileListPaths = (
				"${PODS_ROOT}/Target Support Files/Pods-RxTodos/Pods-RxTodos-frameworks-${CONFIGURATION}-output-files.xcfilelist",
			);
			runOnlyForDeploymentPostprocessing = 0;
			shellPath = /bin/sh;
			shellScript = "\"${PODS_ROOT}/Target Support Files/Pods-RxTodos/Pods-RxTodos-frameworks.sh\"\n";
			showEnvVarsInLog = 0;
		};
/* End PBXShellScriptBuildPhase section */

/* Begin PBXSourcesBuildPhase section */
		259C605425EA39EA00400CC8 /* Sources */ = {
			isa = PBXSourcesBuildPhase;
			buildActionMask = 2147483647;
			files = (
				259C605C25EA39EA00400CC8 /* AppDelegate.swift in Sources */,
				259C608125EA4CB000400CC8 /* TodoTableViewModel.swift in Sources */,
				259C607E25EA4CA200400CC8 /* TodoTableViewController.swift in Sources */,
				259C605E25EA39EA00400CC8 /* SceneDelegate.swift in Sources */,
				259C608525EA4CBB00400CC8 /* TodoTableModel.swift in Sources */,
			);
			runOnlyForDeploymentPostprocessing = 0;
		};
/* End PBXSourcesBuildPhase section */

/* Begin PBXVariantGroup section */
		259C606125EA39EA00400CC8 /* Main.storyboard */ = {
			isa = PBXVariantGroup;
			children = (
				259C606225EA39EA00400CC8 /* Base */,
			);
			name = Main.storyboard;
			sourceTree = "<group>";
		};
		259C606625EA39EC00400CC8 /* LaunchScreen.storyboard */ = {
			isa = PBXVariantGroup;
			children = (
				259C606725EA39EC00400CC8 /* Base */,
			);
			name = LaunchScreen.storyboard;
			sourceTree = "<group>";
		};
/* End PBXVariantGroup section */

/* Begin XCBuildConfiguration section */
		259C606A25EA39EC00400CC8 /* Debug */ = {
			isa = XCBuildConfiguration;
			buildSettings = {
				ALWAYS_SEARCH_USER_PATHS = NO;
				CLANG_ANALYZER_NONNULL = YES;
				CLANG_ANALYZER_NUMBER_OBJECT_CONVERSION = YES_AGGRESSIVE;
				CLANG_CXX_LANGUAGE_STANDARD = "gnu++14";
				CLANG_CXX_LIBRARY = "libc++";
				CLANG_ENABLE_MODULES = YES;
				CLANG_ENABLE_OBJC_ARC = YES;
				CLANG_ENABLE_OBJC_WEAK = YES;
				CLANG_WARN_BLOCK_CAPTURE_AUTORELEASING = YES;
				CLANG_WARN_BOOL_CONVERSION = YES;
				CLANG_WARN_COMMA = YES;
				CLANG_WARN_CONSTANT_CONVERSION = YES;
				CLANG_WARN_DEPRECATED_OBJC_IMPLEMENTATIONS = YES;
				CLANG_WARN_DIRECT_OBJC_ISA_USAGE = YES_ERROR;
				CLANG_WARN_DOCUMENTATION_COMMENTS = YES;
				CLANG_WARN_EMPTY_BODY = YES;
				CLANG_WARN_ENUM_CONVERSION = YES;
				CLANG_WARN_INFINITE_RECURSION = YES;
				CLANG_WARN_INT_CONVERSION = YES;
				CLANG_WARN_NON_LITERAL_NULL_CONVERSION = YES;
				CLANG_WARN_OBJC_IMPLICIT_RETAIN_SELF = YES;
				CLANG_WARN_OBJC_LITERAL_CONVERSION = YES;
				CLANG_WARN_OBJC_ROOT_CLASS = YES_ERROR;
				CLANG_WARN_QUOTED_INCLUDE_IN_FRAMEWORK_HEADER = YES;
				CLANG_WARN_RANGE_LOOP_ANALYSIS = YES;
				CLANG_WARN_STRICT_PROTOTYPES = YES;
				CLANG_WARN_SUSPICIOUS_MOVE = YES;
				CLANG_WARN_UNGUARDED_AVAILABILITY = YES_AGGRESSIVE;
				CLANG_WARN_UNREACHABLE_CODE = YES;
				CLANG_WARN__DUPLICATE_METHOD_MATCH = YES;
				COPY_PHASE_STRIP = NO;
				DEBUG_INFORMATION_FORMAT = dwarf;
				ENABLE_STRICT_OBJC_MSGSEND = YES;
				ENABLE_TESTABILITY = YES;
				GCC_C_LANGUAGE_STANDARD = gnu11;
				GCC_DYNAMIC_NO_PIC = NO;
				GCC_NO_COMMON_BLOCKS = YES;
				GCC_OPTIMIZATION_LEVEL = 0;
				GCC_PREPROCESSOR_DEFINITIONS = (
					"DEBUG=1",
					"$(inherited)",
				);
				GCC_WARN_64_TO_32_BIT_CONVERSION = YES;
				GCC_WARN_ABOUT_RETURN_TYPE = YES_ERROR;
				GCC_WARN_UNDECLARED_SELECTOR = YES;
				GCC_WARN_UNINITIALIZED_AUTOS = YES_AGGRESSIVE;
				GCC_WARN_UNUSED_FUNCTION = YES;
				GCC_WARN_UNUSED_VARIABLE = YES;
				IPHONEOS_DEPLOYMENT_TARGET = 14.2;
				MTL_ENABLE_DEBUG_INFO = INCLUDE_SOURCE;
				MTL_FAST_MATH = YES;
				ONLY_ACTIVE_ARCH = YES;
				SDKROOT = iphoneos;
				SWIFT_ACTIVE_COMPILATION_CONDITIONS = DEBUG;
				SWIFT_OPTIMIZATION_LEVEL = "-Onone";
			};
			name = Debug;
		};
		259C606B25EA39EC00400CC8 /* Release */ = {
			isa = XCBuildConfiguration;
			buildSettings = {
				ALWAYS_SEARCH_USER_PATHS = NO;
				CLANG_ANALYZER_NONNULL = YES;
				CLANG_ANALYZER_NUMBER_OBJECT_CONVERSION = YES_AGGRESSIVE;
				CLANG_CXX_LANGUAGE_STANDARD = "gnu++14";
				CLANG_CXX_LIBRARY = "libc++";
				CLANG_ENABLE_MODULES = YES;
				CLANG_ENABLE_OBJC_ARC = YES;
				CLANG_ENABLE_OBJC_WEAK = YES;
				CLANG_WARN_BLOCK_CAPTURE_AUTORELEASING = YES;
				CLANG_WARN_BOOL_CONVERSION = YES;
				CLANG_WARN_COMMA = YES;
				CLANG_WARN_CONSTANT_CONVERSION = YES;
				CLANG_WARN_DEPRECATED_OBJC_IMPLEMENTATIONS = YES;
				CLANG_WARN_DIRECT_OBJC_ISA_USAGE = YES_ERROR;
				CLANG_WARN_DOCUMENTATION_COMMENTS = YES;
				CLANG_WARN_EMPTY_BODY = YES;
				CLANG_WARN_ENUM_CONVERSION = YES;
				CLANG_WARN_INFINITE_RECURSION = YES;
				CLANG_WARN_INT_CONVERSION = YES;
				CLANG_WARN_NON_LITERAL_NULL_CONVERSION = YES;
				CLANG_WARN_OBJC_IMPLICIT_RETAIN_SELF = YES;
				CLANG_WARN_OBJC_LITERAL_CONVERSION = YES;
				CLANG_WARN_OBJC_ROOT_CLASS = YES_ERROR;
				CLANG_WARN_QUOTED_INCLUDE_IN_FRAMEWORK_HEADER = YES;
				CLANG_WARN_RANGE_LOOP_ANALYSIS = YES;
				CLANG_WARN_STRICT_PROTOTYPES = YES;
				CLANG_WARN_SUSPICIOUS_MOVE = YES;
				CLANG_WARN_UNGUARDED_AVAILABILITY = YES_AGGRESSIVE;
				CLANG_WARN_UNREACHABLE_CODE = YES;
				CLANG_WARN__DUPLICATE_METHOD_MATCH = YES;
				COPY_PHASE_STRIP = NO;
				DEBUG_INFORMATION_FORMAT = "dwarf-with-dsym";
				ENABLE_NS_ASSERTIONS = NO;
				ENABLE_STRICT_OBJC_MSGSEND = YES;
				GCC_C_LANGUAGE_STANDARD = gnu11;
				GCC_NO_COMMON_BLOCKS = YES;
				GCC_WARN_64_TO_32_BIT_CONVERSION = YES;
				GCC_WARN_ABOUT_RETURN_TYPE = YES_ERROR;
				GCC_WARN_UNDECLARED_SELECTOR = YES;
				GCC_WARN_UNINITIALIZED_AUTOS = YES_AGGRESSIVE;
				GCC_WARN_UNUSED_FUNCTION = YES;
				GCC_WARN_UNUSED_VARIABLE = YES;
				IPHONEOS_DEPLOYMENT_TARGET = 14.2;
				MTL_ENABLE_DEBUG_INFO = NO;
				MTL_FAST_MATH = YES;
				SDKROOT = iphoneos;
				SWIFT_COMPILATION_MODE = wholemodule;
				SWIFT_OPTIMIZATION_LEVEL = "-O";
				VALIDATE_PRODUCT = YES;
			};
			name = Release;
		};
		259C606D25EA39EC00400CC8 /* Debug */ = {
			isa = XCBuildConfiguration;
			baseConfigurationReference = 1F36C8D5050EFE480990D34D /* Pods-RxTodos.debug.xcconfig */;
			buildSettings = {
				ASSETCATALOG_COMPILER_APPICON_NAME = AppIcon;
				ASSETCATALOG_COMPILER_GLOBAL_ACCENT_COLOR_NAME = AccentColor;
				CODE_SIGN_STYLE = Automatic;
				DEVELOPMENT_TEAM = 62MCJDNV3Q;
				INFOPLIST_FILE = RxTodos/Info.plist;
				LD_RUNPATH_SEARCH_PATHS = (
					"$(inherited)",
					"@executable_path/Frameworks",
				);
				PRODUCT_BUNDLE_IDENTIFIER = soonhyuk.RxTodos;
				PRODUCT_NAME = "$(TARGET_NAME)";
				SWIFT_VERSION = 5.0;
				TARGETED_DEVICE_FAMILY = "1,2";
			};
			name = Debug;
		};
		259C606E25EA39EC00400CC8 /* Release */ = {
			isa = XCBuildConfiguration;
			baseConfigurationReference = E4883D2735C5698E473E1575 /* Pods-RxTodos.release.xcconfig */;
			buildSettings = {
				ASSETCATALOG_COMPILER_APPICON_NAME = AppIcon;
				ASSETCATALOG_COMPILER_GLOBAL_ACCENT_COLOR_NAME = AccentColor;
				CODE_SIGN_STYLE = Automatic;
				DEVELOPMENT_TEAM = 62MCJDNV3Q;
				INFOPLIST_FILE = RxTodos/Info.plist;
				LD_RUNPATH_SEARCH_PATHS = (
					"$(inherited)",
					"@executable_path/Frameworks",
				);
				PRODUCT_BUNDLE_IDENTIFIER = soonhyuk.RxTodos;
				PRODUCT_NAME = "$(TARGET_NAME)";
				SWIFT_VERSION = 5.0;
				TARGETED_DEVICE_FAMILY = "1,2";
			};
			name = Release;
		};
/* End XCBuildConfiguration section */

/* Begin XCConfigurationList section */
		259C605325EA39EA00400CC8 /* Build configuration list for PBXProject "RxTodos" */ = {
			isa = XCConfigurationList;
			buildConfigurations = (
				259C606A25EA39EC00400CC8 /* Debug */,
				259C606B25EA39EC00400CC8 /* Release */,
			);
			defaultConfigurationIsVisible = 0;
			defaultConfigurationName = Release;
		};
		259C606C25EA39EC00400CC8 /* Build configuration list for PBXNativeTarget "RxTodos" */ = {
			isa = XCConfigurationList;
			buildConfigurations = (
				259C606D25EA39EC00400CC8 /* Debug */,
				259C606E25EA39EC00400CC8 /* Release */,
			);
			defaultConfigurationIsVisible = 0;
			defaultConfigurationName = Release;
		};
/* End XCConfigurationList section */
	};
	rootObject = 259C605025EA39EA00400CC8 /* Project object */;
}
